{
  "name": "tsdemocityviz",
  "version": "1.0.0",
  "lockfileVersion": 1,
  "requires": true,
  "dependencies": {
    "@types/arcgis-js-api": {
      "version": "https://registry.npmjs.org/@types/arcgis-js-api/-/arcgis-js-api-4.5.1.tgz",
      "integrity": "sha1-0FIDIWFHs+QmiFi7Zm62Ge+fc0o=",
      "dev": true
    },
    "@types/crossfilter": {
      "version": "0.0.31",
      "resolved": "https://registry.npmjs.org/@types/crossfilter/-/crossfilter-0.0.31.tgz",
      "integrity": "sha512-19sUzlUI70JnDwQ2nc1nPJeAxFkxbOGki7M8JUCvgqdYz0gv55CcGKVM5B5huq1NiXtlh0tWboGcMN3oXX7Q1g==",
      "dev": true
    },
    "@types/d3": {
      "version": "3.5.40",
      "resolved": "https://registry.npmjs.org/@types/d3/-/d3-3.5.40.tgz",
      "integrity": "sha512-GrJeI6Yg6uCIYRtWlMGxDtgsKSs2aMW0edrO/GJk+O7y4iayn8lEoHAn50wkjb9voRq9JimhCN/FIXLzAxkCoA==",
      "dev": true
    },
    "@types/dc": {
      "version": "0.0.25",
      "resolved": "https://registry.npmjs.org/@types/dc/-/dc-0.0.25.tgz",
      "integrity": "sha512-TjRw39DeZzcJQthMd/j9rShTbt2SenV8KTEmq1L5X85ADiDrFQtm9jJDwwpQLV88mXoxuUAj4Hr7qFEr6AsHmQ==",
      "dev": true,
      "requires": {
        "@types/crossfilter": "0.0.31",
        "@types/d3": "3.5.40"
      }
    },
    "@types/dojo": {
      "version": "https://registry.npmjs.org/@types/dojo/-/dojo-1.9.40.tgz",
      "integrity": "sha1-NodJVXZxooqi3Raz2GjSTy9SDz8=",
      "dev": true
    },
    "@types/nouislider": {
      "version": "9.0.3",
      "resolved": "https://registry.npmjs.org/@types/nouislider/-/nouislider-9.0.3.tgz",
      "integrity": "sha512-8aB7bGNe55j4X6z3QZdvNWIp5dvLBLC4JY6cbx+iS0pmBQyppxwGaLPXOwiGq8HtvXK3EItwrxdHY8pM3iNUEQ==",
      "dev": true,
      "requires": {
        "@types/wnumb": "1.0.27"
      }
    },
    "@types/wnumb": {
      "version": "1.0.27",
      "resolved": "https://registry.npmjs.org/@types/wnumb/-/wnumb-1.0.27.tgz",
      "integrity": "sha1-VCRmWabJQoHC9z98PipeILyI4L8=",
      "dev": true
    },
    "crossfilter2": {
      "version": "1.3.14",
      "resolved": "https://registry.npmjs.org/crossfilter2/-/crossfilter2-1.3.14.tgz",
      "integrity": "sha1-xFvY0zX2yRrMusJu2iAzd/GV9oA="
    },
    "d3": {
      "version": "3.5.17",
      "resolved": "https://registry.npmjs.org/d3/-/d3-3.5.17.tgz",
      "integrity": "sha1-vEZ0gAQ3iyGjYMn8fPUjF5B2L7g="
    },
    "dc": {
      "version": "2.1.9",
      "resolved": "https://registry.npmjs.org/dc/-/dc-2.1.9.tgz",
      "integrity": "sha512-nSkbdSiJrSqgp4thpA57i/JAEqFwYuJkncTjZRjA8NFlEdHTYCod8yh5NaImvw0VizrxPXVTUghqIqtYB12uKg==",
      "requires": {
        "crossfilter2": "1.3.14",
        "d3": "3.5.17"
      }
    },
    "nouislider": {
      "version": "10.1.0",
      "resolved": "https://registry.npmjs.org/nouislider/-/nouislider-10.1.0.tgz",
      "integrity": "sha512-lENwxlpoYg4/5gjdaY/PMNHeVL+CMJyrO+7RzXi1MqhSSGwuJsQSJteXCQV5bE2UKEdSLARWrqIF8XSWAq7h+A=="
    },
    "typescript": {
      "version": "https://registry.npmjs.org/typescript/-/typescript-2.6.1.tgz",
      "integrity": "sha1-7znN6ierrAtQAkLWcmq5DgyEZjE=",
      "dev": true
    }
  }
}
